
Microsoft Visual Studio Solution File, Format Version 12.00
# Visual Studio Version 16
VisualStudioVersion = 16.0.29009.5
MinimumVisualStudioVersion = 10.0.40219.1
Project("{FAE04EC0-301F-11D3-BF4B-00C04F79EFBC}") = "osu to bemani tool", "osu to bemani tool.csproj", "{A899E2E2-7E69-48C9-820E-4457E190DD93}"
EndProject
Global
	GlobalSection(SolutionConfigurationPlatforms) = preSolution
		Debug|Any CPU = Debug|Any CPU
		Release|Any CPU = Release|Any CPU
	EndGlobalSection
	GlobalSection(ProjectConfigurationPlatforms) = postSolution
		{A899E2E2-7E69-48C9-820E-4457E190DD93}.Debug|Any CPU.ActiveCfg = Debug|Any CPU
		{A899E2E2-7E69-48C9-820E-4457E190DD93}.Debug|Any CPU.Build.0 = Debug|Any CPU
		{A899E2E2-7E69-48C9-820E-4457E190DD93}.Release|Any CPU.ActiveCfg = Release|Any CPU
		{A899E2E2-7E69-48C9-820E-4457E190DD93}.Release|Any CPU.Build.0 = Release|Any CPU
	EndGlobalSection
	GlobalSection(SolutionProperties) = preSolution
		HideSolutionNode = FALSE
	EndGlobalSection
	GlobalSection(ExtensibilityGlobals) = postSolution
		SolutionGuid = {A6DD295D-2135-457C-8509-93A83ADDCE49}
	EndGlobalSection
EndGlobal
